
Microsoft Visual Studio Solution File, Format Version 12.00
# Visual Studio Version 17
VisualStudioVersion = 17.14.36310.24 d17.14
MinimumVisualStudioVersion = 10.0.40219.1
Project("{FAE04EC0-301F-11D3-BF4B-00C04F79EFBC}") = "FTBB.Auth.Domain", "FTBB.Auth.Domain\FTBB.Auth.Domain.csproj", "{F41C5004-19C5-45F2-813D-8A11E925EB75}"
EndProject
Project("{FAE04EC0-301F-11D3-BF4B-00C04F79EFBC}") = "FTBB.Auth.Api", "FTBB.Auth.Api\FTBB.Auth.Api.csproj", "{0152A0B8-478C-4F01-87D1-868F6E7F5865}"
EndProject
Project("{FAE04EC0-301F-11D3-BF4B-00C04F79EFBC}") = "FTBB.Auth.Application", "FTBB.Auth.Application\FTBB.Auth.Application.csproj", "{B1C71E80-B4C7-419F-81DA-5CE8094EC0A8}"
EndProject
Project("{FAE04EC0-301F-11D3-BF4B-00C04F79EFBC}") = "FTBB.Auth.Infrastructure", "FTBB.Auth.Infrastructure\FTBB.Auth.Infrastructure.csproj", "{7C12F7C9-A5B7-4C02-B3FF-1BE2ED19A477}"
EndProject
Global
	GlobalSection(SolutionConfigurationPlatforms) = preSolution
		Debug|Any CPU = Debug|Any CPU
		Release|Any CPU = Release|Any CPU
	EndGlobalSection
	GlobalSection(ProjectConfigurationPlatforms) = postSolution
		{F41C5004-19C5-45F2-813D-8A11E925EB75}.Debug|Any CPU.ActiveCfg = Debug|Any CPU
		{F41C5004-19C5-45F2-813D-8A11E925EB75}.Debug|Any CPU.Build.0 = Debug|Any CPU
		{F41C5004-19C5-45F2-813D-8A11E925EB75}.Release|Any CPU.ActiveCfg = Release|Any CPU
		{F41C5004-19C5-45F2-813D-8A11E925EB75}.Release|Any CPU.Build.0 = Release|Any CPU
		{0152A0B8-478C-4F01-87D1-868F6E7F5865}.Debug|Any CPU.ActiveCfg = Debug|Any CPU
		{0152A0B8-478C-4F01-87D1-868F6E7F5865}.Debug|Any CPU.Build.0 = Debug|Any CPU
		{0152A0B8-478C-4F01-87D1-868F6E7F5865}.Release|Any CPU.ActiveCfg = Release|Any CPU
		{0152A0B8-478C-4F01-87D1-868F6E7F5865}.Release|Any CPU.Build.0 = Release|Any CPU
		{B1C71E80-B4C7-419F-81DA-5CE8094EC0A8}.Debug|Any CPU.ActiveCfg = Debug|Any CPU
		{B1C71E80-B4C7-419F-81DA-5CE8094EC0A8}.Debug|Any CPU.Build.0 = Debug|Any CPU
		{B1C71E80-B4C7-419F-81DA-5CE8094EC0A8}.Release|Any CPU.ActiveCfg = Release|Any CPU
		{B1C71E80-B4C7-419F-81DA-5CE8094EC0A8}.Release|Any CPU.Build.0 = Release|Any CPU
		{7C12F7C9-A5B7-4C02-B3FF-1BE2ED19A477}.Debug|Any CPU.ActiveCfg = Debug|Any CPU
		{7C12F7C9-A5B7-4C02-B3FF-1BE2ED19A477}.Debug|Any CPU.Build.0 = Debug|Any CPU
		{7C12F7C9-A5B7-4C02-B3FF-1BE2ED19A477}.Release|Any CPU.ActiveCfg = Release|Any CPU
		{7C12F7C9-A5B7-4C02-B3FF-1BE2ED19A477}.Release|Any CPU.Build.0 = Release|Any CPU
	EndGlobalSection
	GlobalSection(SolutionProperties) = preSolution
		HideSolutionNode = FALSE
	EndGlobalSection
	GlobalSection(ExtensibilityGlobals) = postSolution
		SolutionGuid = {4BF1D6CF-3549-4464-B144-8AC4B652B1D0}
	EndGlobalSection
EndGlobal
