
Microsoft Visual Studio Solution File, Format Version 12.00
# Visual Studio Version 17
VisualStudioVersion = 17.14.36310.24 d17.14
MinimumVisualStudioVersion = 10.0.40219.1
Project("{FAE04EC0-301F-11D3-BF4B-00C04F79EFBC}") = "FTBB.Storage.Api", "FTBB.Storage.Api\FTBB.Storage.Api.csproj", "{7C58C048-C3E6-481D-8A1E-91C0DEDF89A0}"
EndProject
Project("{FAE04EC0-301F-11D3-BF4B-00C04F79EFBC}") = "FTBB.Storage.Domain", "FTBB.Storage.Domain\FTBB.Storage.Domain.csproj", "{D3478B20-B909-494E-93BA-DFC5526CD8A0}"
EndProject
Project("{FAE04EC0-301F-11D3-BF4B-00C04F79EFBC}") = "FTBB.Storage.Application", "FTBB.Storage.Application\FTBB.Storage.Application.csproj", "{D56991C4-BCA4-481C-AF52-482FC9F34294}"
EndProject
Project("{FAE04EC0-301F-11D3-BF4B-00C04F79EFBC}") = "FTBB.Storage.Infrastructure", "FTBB.Storage.Infrastructure\FTBB.Storage.Infrastructure.csproj", "{833DD386-7308-4109-B956-62EED869830C}"
EndProject
Global
	GlobalSection(SolutionConfigurationPlatforms) = preSolution
		Debug|Any CPU = Debug|Any CPU
		Release|Any CPU = Release|Any CPU
	EndGlobalSection
	GlobalSection(ProjectConfigurationPlatforms) = postSolution
		{7C58C048-C3E6-481D-8A1E-91C0DEDF89A0}.Debug|Any CPU.ActiveCfg = Debug|Any CPU
		{7C58C048-C3E6-481D-8A1E-91C0DEDF89A0}.Debug|Any CPU.Build.0 = Debug|Any CPU
		{7C58C048-C3E6-481D-8A1E-91C0DEDF89A0}.Release|Any CPU.ActiveCfg = Release|Any CPU
		{7C58C048-C3E6-481D-8A1E-91C0DEDF89A0}.Release|Any CPU.Build.0 = Release|Any CPU
		{D3478B20-B909-494E-93BA-DFC5526CD8A0}.Debug|Any CPU.ActiveCfg = Debug|Any CPU
		{D3478B20-B909-494E-93BA-DFC5526CD8A0}.Debug|Any CPU.Build.0 = Debug|Any CPU
		{D3478B20-B909-494E-93BA-DFC5526CD8A0}.Release|Any CPU.ActiveCfg = Release|Any CPU
		{D3478B20-B909-494E-93BA-DFC5526CD8A0}.Release|Any CPU.Build.0 = Release|Any CPU
		{D56991C4-BCA4-481C-AF52-482FC9F34294}.Debug|Any CPU.ActiveCfg = Debug|Any CPU
		{D56991C4-BCA4-481C-AF52-482FC9F34294}.Debug|Any CPU.Build.0 = Debug|Any CPU
		{D56991C4-BCA4-481C-AF52-482FC9F34294}.Release|Any CPU.ActiveCfg = Release|Any CPU
		{D56991C4-BCA4-481C-AF52-482FC9F34294}.Release|Any CPU.Build.0 = Release|Any CPU
		{833DD386-7308-4109-B956-62EED869830C}.Debug|Any CPU.ActiveCfg = Debug|Any CPU
		{833DD386-7308-4109-B956-62EED869830C}.Debug|Any CPU.Build.0 = Debug|Any CPU
		{833DD386-7308-4109-B956-62EED869830C}.Release|Any CPU.ActiveCfg = Release|Any CPU
		{833DD386-7308-4109-B956-62EED869830C}.Release|Any CPU.Build.0 = Release|Any CPU
	EndGlobalSection
	GlobalSection(SolutionProperties) = preSolution
		HideSolutionNode = FALSE
	EndGlobalSection
	GlobalSection(ExtensibilityGlobals) = postSolution
		SolutionGuid = {31619FCE-6CBB-4967-9F79-13DEF75EE717}
	EndGlobalSection
EndGlobal
